
Microsoft Visual Studio Solution File, Format Version 12.00
# Visual Studio Version 17
VisualStudioVersion = 17.10.35122.118
MinimumVisualStudioVersion = 10.0.40219.1
Project("{FAE04EC0-301F-11D3-BF4B-00C04F79EFBC}") = "sum_numbers", "sum_numbers.csproj", "{79AB5888-CB97-4587-AA9E-10F3AEFAA3B6}"
EndProject
Global
	GlobalSection(SolutionConfigurationPlatforms) = preSolution
		Debug|Any CPU = Debug|Any CPU
		Release|Any CPU = Release|Any CPU
	EndGlobalSection
	GlobalSection(ProjectConfigurationPlatforms) = postSolution
		{79AB5888-CB97-4587-AA9E-10F3AEFAA3B6}.Debug|Any CPU.ActiveCfg = Debug|Any CPU
		{79AB5888-CB97-4587-AA9E-10F3AEFAA3B6}.Debug|Any CPU.Build.0 = Debug|Any CPU
		{79AB5888-CB97-4587-AA9E-10F3AEFAA3B6}.Release|Any CPU.ActiveCfg = Release|Any CPU
		{79AB5888-CB97-4587-AA9E-10F3AEFAA3B6}.Release|Any CPU.Build.0 = Release|Any CPU
	EndGlobalSection
	GlobalSection(SolutionProperties) = preSolution
		HideSolutionNode = FALSE
	EndGlobalSection
	GlobalSection(ExtensibilityGlobals) = postSolution
		SolutionGuid = {0A98A3A9-BE7E-4822-A9EB-429DDDB6D392}
	EndGlobalSection
EndGlobal
